// !$*UTF8*$!
{
	archiveVersion = 1;
	classes = {
	};
	objectVersion = 50;
	objects = {

/* Begin PBXBuildFile section */
		EB4E8D1B250902B000A3822D /* AppDelegate.m in Sources */ = {isa = PBXBuildFile; fileRef = EB4E8D1A250902B000A3822D /* AppDelegate.m */; };
		EB4E8D1D250902B000A3822D /* Assets.xcassets in Resources */ = {isa = PBXBuildFile; fileRef = EB4E8D1C250902B000A3822D /* Assets.xcassets */; };
		EB4E8D20250902B000A3822D /* MainMenu.xib in Resources */ = {isa = PBXBuildFile; fileRef = EB4E8D1E250902B000A3822D /* MainMenu.xib */; };
		EB4E8D23250902B000A3822D /* main.m in Sources */ = {isa = PBXBuildFile; fileRef = EB4E8D22250902B000A3822D /* main.m */; };
		EB4E8D2C250902DB00A3822D /* AppController.mm in Sources */ = {isa = PBXBuildFile; fileRef = EB4E8D2B250902DB00A3822D /* AppController.mm */; };
		EB4E8D2F2509037400A3822D /* AudioEngine.m in Sources */ = {isa = PBXBuildFile; fileRef = EB4E8D2E2509037400A3822D /* AudioEngine.m */; };
		EB4E8D322509040200A3822D /* RingBuffer.m in Sources */ = {isa = PBXBuildFile; fileRef = EB4E8D312509040200A3822D /* RingBuffer.m */; };
		EB4E8D342509E00900A3822D /* libwave.a in Frameworks */ = {isa = PBXBuildFile; fileRef = EB4E8D332509E00900A3822D /* libwave.a */; };
		EB4E8D362509E03C00A3822D /* libspleeter.a in Frameworks */ = {isa = PBXBuildFile; fileRef = EB4E8D352509E03C00A3822D /* libspleeter.a */; };
		EB4E8D382509E04700A3822D /* libspleeter_common.a in Frameworks */ = {isa = PBXBuildFile; fileRef = EB4E8D372509E04700A3822D /* libspleeter_common.a */; };
		EB4E8D3A2509E05800A3822D /* libtensorflow_framework.1.dylib in Frameworks */ = {isa = PBXBuildFile; fileRef = EB4E8D392509E05800A3822D /* libtensorflow_framework.1.dylib */; };
		EB4E8D3C2509E06100A3822D /* libtensorflow.1.dylib in Frameworks */ = {isa = PBXBuildFile; fileRef = EB4E8D3B2509E06100A3822D /* libtensorflow.1.dylib */; };
		EB4E8D3E2509E09B00A3822D /* libtensorflow_framework.1.dylib in CopyFiles */ = {isa = PBXBuildFile; fileRef = EB4E8D392509E05800A3822D /* libtensorflow_framework.1.dylib */; settings = {ATTRIBUTES = (CodeSignOnCopy, ); }; };
		EB4E8D3F2509E0AE00A3822D /* libtensorflow.1.dylib in CopyFiles */ = {isa = PBXBuildFile; fileRef = EB4E8D3B2509E06100A3822D /* libtensorflow.1.dylib */; settings = {ATTRIBUTES = (CodeSignOnCopy, ); }; };
		EB4E8D44250CDB4A00A3822D /* 5stems in Resources */ = {isa = PBXBuildFile; fileRef = EB4E8D43250CDB4A00A3822D /* 5stems */; };
		EBC334A1251251D800EA2526 /* CircularSlider.m in Sources */ = {isa = PBXBuildFile; fileRef = EBC334A0251251D800EA2526 /* CircularSlider.m */; };
		EBC334A42513672800EA2526 /* TurnTableView.m in Sources */ = {isa = PBXBuildFile; fileRef = EBC334A32513672800EA2526 /* TurnTableView.m */; };
/* End PBXBuildFile section */

/* Begin PBXCopyFilesBuildPhase section */
		EB4E8D3D2509E08F00A3822D /* CopyFiles */ = {
			isa = PBXCopyFilesBuildPhase;
			buildActionMask = 2147483647;
			dstPath = "";
			dstSubfolderSpec = 12;
			files = (
				EB4E8D3E2509E09B00A3822D /* libtensorflow_framework.1.dylib in CopyFiles */,
				EB4E8D3F2509E0AE00A3822D /* libtensorflow.1.dylib in CopyFiles */,
			);
			runOnlyForDeploymentPostprocessing = 0;
		};
/* End PBXCopyFilesBuildPhase section */

/* Begin PBXFileReference section */
		EB4E8D16250902B000A3822D /* Late5.app */ = {isa = PBXFileReference; explicitFileType = wrapper.application; includeInIndex = 0; path = Late5.app; sourceTree = BUILT_PRODUCTS_DIR; };
		EB4E8D19250902B000A3822D /* AppDelegate.h */ = {isa = PBXFileReference; lastKnownFileType = sourcecode.c.h; path = AppDelegate.h; sourceTree = "<group>"; };
		EB4E8D1A250902B000A3822D /* AppDelegate.m */ = {isa = PBXFileReference; lastKnownFileType = sourcecode.c.objc; path = AppDelegate.m; sourceTree = "<group>"; };
		EB4E8D1C250902B000A3822D /* Assets.xcassets */ = {isa = PBXFileReference; lastKnownFileType = folder.assetcatalog; path = Assets.xcassets; sourceTree = "<group>"; };
		EB4E8D1F250902B000A3822D /* Base */ = {isa = PBXFileReference; lastKnownFileType = file.xib; name = Base; path = Base.lproj/MainMenu.xib; sourceTree = "<group>"; };
		EB4E8D21250902B000A3822D /* Info.plist */ = {isa = PBXFileReference; lastKnownFileType = text.plist.xml; path = Info.plist; sourceTree = "<group>"; };
		EB4E8D22250902B000A3822D /* main.m */ = {isa = PBXFileReference; lastKnownFileType = sourcecode.c.objc; path = main.m; sourceTree = "<group>"; };
		EB4E8D24250902B000A3822D /* Late5.entitlements */ = {isa = PBXFileReference; lastKnownFileType = text.plist.entitlements; path = Late5.entitlements; sourceTree = "<group>"; };
		EB4E8D2A250902DB00A3822D /* AppController.h */ = {isa = PBXFileReference; lastKnownFileType = sourcecode.c.h; path = AppController.h; sourceTree = "<group>"; };
		EB4E8D2B250902DB00A3822D /* AppController.mm */ = {isa = PBXFileReference; lastKnownFileType = sourcecode.cpp.objcpp; path = AppController.mm; sourceTree = "<group>"; };
		EB4E8D2D2509037400A3822D /* AudioEngine.h */ = {isa = PBXFileReference; lastKnownFileType = sourcecode.c.h; path = AudioEngine.h; sourceTree = "<group>"; };
		EB4E8D2E2509037400A3822D /* AudioEngine.m */ = {isa = PBXFileReference; lastKnownFileType = sourcecode.c.objc; path = AudioEngine.m; sourceTree = "<group>"; };
		EB4E8D302509040200A3822D /* RingBuffer.h */ = {isa = PBXFileReference; lastKnownFileType = sourcecode.c.h; path = RingBuffer.h; sourceTree = "<group>"; };
		EB4E8D312509040200A3822D /* RingBuffer.m */ = {isa = PBXFileReference; lastKnownFileType = sourcecode.c.objc; path = RingBuffer.m; sourceTree = "<group>"; };
		EB4E8D332509E00900A3822D /* libwave.a */ = {isa = PBXFileReference; lastKnownFileType = archive.ar; name = libwave.a; path = "../PartScratch/spleeterpp/build/_deps/wave-build/src/wave/libwave.a"; sourceTree = "<group>"; };
		EB4E8D352509E03C00A3822D /* libspleeter.a */ = {isa = PBXFileReference; lastKnownFileType = archive.ar; name = libspleeter.a; path = ../PartScratch/spleeterpp/build/src/spleeter/libspleeter.a; sourceTree = "<group>"; };
		EB4E8D372509E04700A3822D /* libspleeter_common.a */ = {isa = PBXFileReference; lastKnownFileType = archive.ar; name = libspleeter_common.a; path = ../PartScratch/spleeterpp/build/src/spleeter_common/libspleeter_common.a; sourceTree = "<group>"; };
		EB4E8D392509E05800A3822D /* libtensorflow_framework.1.dylib */ = {isa = PBXFileReference; lastKnownFileType = "compiled.mach-o.dylib"; name = libtensorflow_framework.1.dylib; path = ../PartScratch/spleeterpp/build/tensorflow/lib/libtensorflow_framework.1.dylib; sourceTree = "<group>"; };
		EB4E8D3B2509E06100A3822D /* libtensorflow.1.dylib */ = {isa = PBXFileReference; lastKnownFileType = "compiled.mach-o.dylib"; name = libtensorflow.1.dylib; path = ../PartScratch/spleeterpp/build/tensorflow/lib/libtensorflow.1.dylib; sourceTree = "<group>"; };
		EB4E8D43250CDB4A00A3822D /* 5stems */ = {isa = PBXFileReference; lastKnownFileType = folder; name = 5stems; path = ../PartScratch/spleeterpp/build/models/offline/5stems; sourceTree = "<group>"; };
		EBC3349F251251D800EA2526 /* CircularSlider.h */ = {isa = PBXFileReference; lastKnownFileType = sourcecode.c.h; path = CircularSlider.h; sourceTree = "<group>"; };
		EBC334A0251251D800EA2526 /* CircularSlider.m */ = {isa = PBXFileReference; lastKnownFileType = sourcecode.c.objc; path = CircularSlider.m; sourceTree = "<group>"; };
		EBC334A22513672800EA2526 /* TurnTableView.h */ = {isa = PBXFileReference; lastKnownFileType = sourcecode.c.h; path = TurnTableView.h; sourceTree = "<group>"; };
		EBC334A32513672800EA2526 /* TurnTableView.m */ = {isa = PBXFileReference; lastKnownFileType = sourcecode.c.objc; path = TurnTableView.m; sourceTree = "<group>"; };
/* End PBXFileReference section */

/* Begin PBXFrameworksBuildPhase section */
		EB4E8D13250902B000A3822D /* Frameworks */ = {
			isa = PBXFrameworksBuildPhase;
			buildActionMask = 2147483647;
			files = (
				EB4E8D382509E04700A3822D /* libspleeter_common.a in Frameworks */,
				EB4E8D3C2509E06100A3822D /* libtensorflow.1.dylib in Frameworks */,
				EB4E8D342509E00900A3822D /* libwave.a in Frameworks */,
				EB4E8D362509E03C00A3822D /* libspleeter.a in Frameworks */,
				EB4E8D3A2509E05800A3822D /* libtensorflow_framework.1.dylib in Frameworks */,
			);
			runOnlyForDeploymentPostprocessing = 0;
		};
/* End PBXFrameworksBuildPhase section */

/* Begin PBXGroup section */
		EB4E8D0D250902B000A3822D = {
			isa = PBXGroup;
			children = (
				EB4E8D332509E00900A3822D /* libwave.a */,
				EB4E8D352509E03C00A3822D /* libspleeter.a */,
				EB4E8D372509E04700A3822D /* libspleeter_common.a */,
				EB4E8D392509E05800A3822D /* libtensorflow_framework.1.dylib */,
				EB4E8D3B2509E06100A3822D /* libtensorflow.1.dylib */,
				EB4E8D43250CDB4A00A3822D /* 5stems */,
				EB4E8D18250902B000A3822D /* Late5 */,
				EB4E8D17250902B000A3822D /* Products */,
			);
			sourceTree = "<group>";
		};
		EB4E8D17250902B000A3822D /* Products */ = {
			isa = PBXGroup;
			children = (
				EB4E8D16250902B000A3822D /* Late5.app */,
			);
			name = Products;
			sourceTree = "<group>";
		};
		EB4E8D18250902B000A3822D /* Late5 */ = {
			isa = PBXGroup;
			children = (
				EB4E8D2A250902DB00A3822D /* AppController.h */,
				EB4E8D2B250902DB00A3822D /* AppController.mm */,
				EB4E8D2D2509037400A3822D /* AudioEngine.h */,
				EB4E8D2E2509037400A3822D /* AudioEngine.m */,
				EB4E8D302509040200A3822D /* RingBuffer.h */,
				EB4E8D312509040200A3822D /* RingBuffer.m */,
				EBC334A0251251D800EA2526 /* CircularSlider.m */,
				EBC3349F251251D800EA2526 /* CircularSlider.h */,
				EBC334A22513672800EA2526 /* TurnTableView.h */,
				EBC334A32513672800EA2526 /* TurnTableView.m */,
				EB4E8D19250902B000A3822D /* AppDelegate.h */,
				EB4E8D1A250902B000A3822D /* AppDelegate.m */,
				EB4E8D1C250902B000A3822D /* Assets.xcassets */,
				EB4E8D1E250902B000A3822D /* MainMenu.xib */,
				EB4E8D21250902B000A3822D /* Info.plist */,
				EB4E8D22250902B000A3822D /* main.m */,
				EB4E8D24250902B000A3822D /* Late5.entitlements */,
			);
			path = Late5;
			sourceTree = "<group>";
		};
/* End PBXGroup section */

/* Begin PBXNativeTarget section */
		EB4E8D15250902B000A3822D /* Late5 */ = {
			isa = PBXNativeTarget;
			buildConfigurationList = EB4E8D27250902B000A3822D /* Build configuration list for PBXNativeTarget "Late5" */;
			buildPhases = (
				EB4E8D12250902B000A3822D /* Sources */,
				EB4E8D3D2509E08F00A3822D /* CopyFiles */,
				EB4E8D13250902B000A3822D /* Frameworks */,
				EB4E8D402509E0B500A3822D /* ShellScript */,
				EB4E8D14250902B000A3822D /* Resources */,
			);
			buildRules = (
			);
			dependencies = (
			);
			name = Late5;
			productName = Late5;
			productReference = EB4E8D16250902B000A3822D /* Late5.app */;
			productType = "com.apple.product-type.application";
		};
/* End PBXNativeTarget section */

/* Begin PBXProject section */
		EB4E8D0E250902B000A3822D /* Project object */ = {
			isa = PBXProject;
			attributes = {
				LastUpgradeCheck = 1170;
				ORGANIZATIONNAME = kyab;
				TargetAttributes = {
					EB4E8D15250902B000A3822D = {
						CreatedOnToolsVersion = 11.7;
					};
				};
			};
			buildConfigurationList = EB4E8D11250902B000A3822D /* Build configuration list for PBXProject "Late5" */;
			compatibilityVersion = "Xcode 9.3";
			developmentRegion = en;
			hasScannedForEncodings = 0;
			knownRegions = (
				en,
				Base,
			);
			mainGroup = EB4E8D0D250902B000A3822D;
			productRefGroup = EB4E8D17250902B000A3822D /* Products */;
			projectDirPath = "";
			projectRoot = "";
			targets = (
				EB4E8D15250902B000A3822D /* Late5 */,
			);
		};
/* End PBXProject section */

/* Begin PBXResourcesBuildPhase section */
		EB4E8D14250902B000A3822D /* Resources */ = {
			isa = PBXResourcesBuildPhase;
			buildActionMask = 2147483647;
			files = (
				EB4E8D1D250902B000A3822D /* Assets.xcassets in Resources */,
				EB4E8D44250CDB4A00A3822D /* 5stems in Resources */,
				EB4E8D20250902B000A3822D /* MainMenu.xib in Resources */,
			);
			runOnlyForDeploymentPostprocessing = 0;
		};
/* End PBXResourcesBuildPhase section */

/* Begin PBXShellScriptBuildPhase section */
		EB4E8D402509E0B500A3822D /* ShellScript */ = {
			isa = PBXShellScriptBuildPhase;
			buildActionMask = 12;
			files = (
			);
			inputFileListPaths = (
			);
			inputPaths = (
			);
			outputFileListPaths = (
			);
			outputPaths = (
			);
			runOnlyForDeploymentPostprocessing = 0;
			shellPath = /bin/sh;
			shellScript = "#!/bin/bash\n# In Xcode you actually enter the path for the shell\n# you want to use in a text field about the shell source.\n# So, !/bin/bash might not be necessary.\n\n# Space separated list of libraries.\n# Enter any dylibs you have in your Copy File Phase.\nTARGETS=(libtensorflow.1.dylib libtensorflow_framework.1.dylib)\n\nEXECFILE=${BUILT_PRODUCTS_DIR}/${EXECUTABLE_PATH}\n\nLIBPATH=${BUILT_PRODUCTS_DIR}/${SHARED_SUPPORT_FOLDER_PATH}\nNEWLIBPATH=@executable_path/../SharedSupport\n\nfor TARGET in ${TARGETS[@]} ; do\nLIBFILE=${LIBPATH}/${TARGET}\nTARGETID=`otool -DX \"${LIBPATH}/$TARGET\"`\nNEWTARGETID=${NEWLIBPATH}/${TARGET}\necho NEWTARGETID is ${NEWTARGETID}\necho TARGETID is ${TARGETID}\ninstall_name_tool -id \"${NEWTARGETID}\" \"${LIBFILE}\"\ninstall_name_tool -change @rpath/${TARGET} ${NEWTARGETID} \"${EXECFILE}\"\ndone\n\notool -L ${EXECFILE}\n";
		};
/* End PBXShellScriptBuildPhase section */

/* Begin PBXSourcesBuildPhase section */
		EB4E8D12250902B000A3822D /* Sources */ = {
			isa = PBXSourcesBuildPhase;
			buildActionMask = 2147483647;
			files = (
				EB4E8D2F2509037400A3822D /* AudioEngine.m in Sources */,
				EB4E8D23250902B000A3822D /* main.m in Sources */,
				EB4E8D2C250902DB00A3822D /* AppController.mm in Sources */,
				EBC334A1251251D800EA2526 /* CircularSlider.m in Sources */,
				EB4E8D322509040200A3822D /* RingBuffer.m in Sources */,
				EBC334A42513672800EA2526 /* TurnTableView.m in Sources */,
				EB4E8D1B250902B000A3822D /* AppDelegate.m in Sources */,
			);
			runOnlyForDeploymentPostprocessing = 0;
		};
/* End PBXSourcesBuildPhase section */

/* Begin PBXVariantGroup section */
		EB4E8D1E250902B000A3822D /* MainMenu.xib */ = {
			isa = PBXVariantGroup;
			children = (
				EB4E8D1F250902B000A3822D /* Base */,
			);
			name = MainMenu.xib;
			sourceTree = "<group>";
		};
/* End PBXVariantGroup section */

/* Begin XCBuildConfiguration section */
		EB4E8D25250902B000A3822D /* Debug */ = {
			isa = XCBuildConfiguration;
			buildSettings = {
				ALWAYS_SEARCH_USER_PATHS = NO;
				CLANG_ANALYZER_NONNULL = YES;
				CLANG_ANALYZER_NUMBER_OBJECT_CONVERSION = YES_AGGRESSIVE;
				CLANG_CXX_LANGUAGE_STANDARD = "gnu++14";
				CLANG_CXX_LIBRARY = "libc++";
				CLANG_ENABLE_MODULES = YES;
				CLANG_ENABLE_OBJC_ARC = YES;
				CLANG_ENABLE_OBJC_WEAK = YES;
				CLANG_WARN_BLOCK_CAPTURE_AUTORELEASING = YES;
				CLANG_WARN_BOOL_CONVERSION = YES;
				CLANG_WARN_COMMA = YES;
				CLANG_WARN_CONSTANT_CONVERSION = YES;
				CLANG_WARN_DEPRECATED_OBJC_IMPLEMENTATIONS = YES;
				CLANG_WARN_DIRECT_OBJC_ISA_USAGE = YES_ERROR;
				CLANG_WARN_DOCUMENTATION_COMMENTS = YES;
				CLANG_WARN_EMPTY_BODY = YES;
				CLANG_WARN_ENUM_CONVERSION = YES;
				CLANG_WARN_INFINITE_RECURSION = YES;
				CLANG_WARN_INT_CONVERSION = YES;
				CLANG_WARN_NON_LITERAL_NULL_CONVERSION = YES;
				CLANG_WARN_OBJC_IMPLICIT_RETAIN_SELF = YES;
				CLANG_WARN_OBJC_LITERAL_CONVERSION = YES;
				CLANG_WARN_OBJC_ROOT_CLASS = YES_ERROR;
				CLANG_WARN_RANGE_LOOP_ANALYSIS = YES;
				CLANG_WARN_STRICT_PROTOTYPES = YES;
				CLANG_WARN_SUSPICIOUS_MOVE = YES;
				CLANG_WARN_UNGUARDED_AVAILABILITY = YES_AGGRESSIVE;
				CLANG_WARN_UNREACHABLE_CODE = YES;
				CLANG_WARN__DUPLICATE_METHOD_MATCH = YES;
				COPY_PHASE_STRIP = NO;
				DEBUG_INFORMATION_FORMAT = dwarf;
				ENABLE_STRICT_OBJC_MSGSEND = YES;
				ENABLE_TESTABILITY = YES;
				GCC_C_LANGUAGE_STANDARD = gnu11;
				GCC_DYNAMIC_NO_PIC = NO;
				GCC_NO_COMMON_BLOCKS = YES;
				GCC_OPTIMIZATION_LEVEL = 0;
				GCC_PREPROCESSOR_DEFINITIONS = (
					"DEBUG=1",
					"$(inherited)",
				);
				GCC_WARN_64_TO_32_BIT_CONVERSION = YES;
				GCC_WARN_ABOUT_RETURN_TYPE = YES_ERROR;
				GCC_WARN_UNDECLARED_SELECTOR = YES;
				GCC_WARN_UNINITIALIZED_AUTOS = YES_AGGRESSIVE;
				GCC_WARN_UNUSED_FUNCTION = YES;
				GCC_WARN_UNUSED_VARIABLE = YES;
				MACOSX_DEPLOYMENT_TARGET = 10.15;
				MTL_ENABLE_DEBUG_INFO = INCLUDE_SOURCE;
				MTL_FAST_MATH = YES;
				ONLY_ACTIVE_ARCH = YES;
				SDKROOT = macosx;
			};
			name = Debug;
		};
		EB4E8D26250902B000A3822D /* Release */ = {
			isa = XCBuildConfiguration;
			buildSettings = {
				ALWAYS_SEARCH_USER_PATHS = NO;
				CLANG_ANALYZER_NONNULL = YES;
				CLANG_ANALYZER_NUMBER_OBJECT_CONVERSION = YES_AGGRESSIVE;
				CLANG_CXX_LANGUAGE_STANDARD = "gnu++14";
				CLANG_CXX_LIBRARY = "libc++";
				CLANG_ENABLE_MODULES = YES;
				CLANG_ENABLE_OBJC_ARC = YES;
				CLANG_ENABLE_OBJC_WEAK = YES;
				CLANG_WARN_BLOCK_CAPTURE_AUTORELEASING = YES;
				CLANG_WARN_BOOL_CONVERSION = YES;
				CLANG_WARN_COMMA = YES;
				CLANG_WARN_CONSTANT_CONVERSION = YES;
				CLANG_WARN_DEPRECATED_OBJC_IMPLEMENTATIONS = YES;
				CLANG_WARN_DIRECT_OBJC_ISA_USAGE = YES_ERROR;
				CLANG_WARN_DOCUMENTATION_COMMENTS = YES;
				CLANG_WARN_EMPTY_BODY = YES;
				CLANG_WARN_ENUM_CONVERSION = YES;
				CLANG_WARN_INFINITE_RECURSION = YES;
				CLANG_WARN_INT_CONVERSION = YES;
				CLANG_WARN_NON_LITERAL_NULL_CONVERSION = YES;
				CLANG_WARN_OBJC_IMPLICIT_RETAIN_SELF = YES;
				CLANG_WARN_OBJC_LITERAL_CONVERSION = YES;
				CLANG_WARN_OBJC_ROOT_CLASS = YES_ERROR;
				CLANG_WARN_RANGE_LOOP_ANALYSIS = YES;
				CLANG_WARN_STRICT_PROTOTYPES = YES;
				CLANG_WARN_SUSPICIOUS_MOVE = YES;
				CLANG_WARN_UNGUARDED_AVAILABILITY = YES_AGGRESSIVE;
				CLANG_WARN_UNREACHABLE_CODE = YES;
				CLANG_WARN__DUPLICATE_METHOD_MATCH = YES;
				COPY_PHASE_STRIP = NO;
				DEBUG_INFORMATION_FORMAT = "dwarf-with-dsym";
				ENABLE_NS_ASSERTIONS = NO;
				ENABLE_STRICT_OBJC_MSGSEND = YES;
				GCC_C_LANGUAGE_STANDARD = gnu11;
				GCC_NO_COMMON_BLOCKS = YES;
				GCC_WARN_64_TO_32_BIT_CONVERSION = YES;
				GCC_WARN_ABOUT_RETURN_TYPE = YES_ERROR;
				GCC_WARN_UNDECLARED_SELECTOR = YES;
				GCC_WARN_UNINITIALIZED_AUTOS = YES_AGGRESSIVE;
				GCC_WARN_UNUSED_FUNCTION = YES;
				GCC_WARN_UNUSED_VARIABLE = YES;
				MACOSX_DEPLOYMENT_TARGET = 10.15;
				MTL_ENABLE_DEBUG_INFO = NO;
				MTL_FAST_MATH = YES;
				SDKROOT = macosx;
			};
			name = Release;
		};
		EB4E8D28250902B000A3822D /* Debug */ = {
			isa = XCBuildConfiguration;
			buildSettings = {
				ASSETCATALOG_COMPILER_APPICON_NAME = AppIcon;
				CODE_SIGN_ENTITLEMENTS = Late5/Late5.entitlements;
				CODE_SIGN_IDENTITY = "Apple Development";
				CODE_SIGN_STYLE = Automatic;
				COMBINE_HIDPI_IMAGES = YES;
				DEVELOPMENT_TEAM = A386R5WFZ6;
				ENABLE_HARDENED_RUNTIME = YES;
				HEADER_SEARCH_PATHS = (
					/Users/koji/work/PartScratch/spleeterpp/src,
					"/Users/koji/work/PartScratch/spleeterpp/build/_deps/eigen3-src",
				);
				INFOPLIST_FILE = Late5/Info.plist;
				LD_RUNPATH_SEARCH_PATHS = (
					"$(inherited)",
					"@executable_path/../Frameworks",
				);
				LIBRARY_SEARCH_PATHS = (
					"/Users/koji/work/PartScratch/spleeterpp/build/_deps/wave-build/src/wave",
					/Users/koji/work/PartScratch/spleeterpp/build/src/spleeter,
					/Users/koji/work/PartScratch/spleeterpp/build/src/spleeter_common,
					/Users/koji/work/PartScratch/spleeterpp/build/tensorflow/lib,
				);
				MACOSX_DEPLOYMENT_TARGET = 10.13;
				MARKETING_VERSION = 0.1;
				PRODUCT_BUNDLE_IDENTIFIER = com.kyab.Late5;
				PRODUCT_NAME = "$(TARGET_NAME)";
			};
			name = Debug;
		};
		EB4E8D29250902B000A3822D /* Release */ = {
			isa = XCBuildConfiguration;
			buildSettings = {
				ASSETCATALOG_COMPILER_APPICON_NAME = AppIcon;
				CODE_SIGN_ENTITLEMENTS = Late5/Late5.entitlements;
				CODE_SIGN_IDENTITY = "Apple Development";
				CODE_SIGN_STYLE = Automatic;
				COMBINE_HIDPI_IMAGES = YES;
				DEVELOPMENT_TEAM = A386R5WFZ6;
				ENABLE_HARDENED_RUNTIME = YES;
				HEADER_SEARCH_PATHS = (
					/Users/koji/work/PartScratch/spleeterpp/src,
					"/Users/koji/work/PartScratch/spleeterpp/build/_deps/eigen3-src",
				);
				INFOPLIST_FILE = Late5/Info.plist;
				LD_RUNPATH_SEARCH_PATHS = (
					"$(inherited)",
					"@executable_path/../Frameworks",
				);
				LIBRARY_SEARCH_PATHS = (
					"/Users/koji/work/PartScratch/spleeterpp/build/_deps/wave-build/src/wave",
					/Users/koji/work/PartScratch/spleeterpp/build/src/spleeter,
					/Users/koji/work/PartScratch/spleeterpp/build/src/spleeter_common,
					/Users/koji/work/PartScratch/spleeterpp/build/tensorflow/lib,
				);
				MACOSX_DEPLOYMENT_TARGET = 10.13;
				MARKETING_VERSION = 0.1;
				PRODUCT_BUNDLE_IDENTIFIER = com.kyab.Late5;
				PRODUCT_NAME = "$(TARGET_NAME)";
			};
			name = Release;
		};
/* End XCBuildConfiguration section */

/* Begin XCConfigurationList section */
		EB4E8D11250902B000A3822D /* Build configuration list for PBXProject "Late5" */ = {
			isa = XCConfigurationList;
			buildConfigurations = (
				EB4E8D25250902B000A3822D /* Debug */,
				EB4E8D26250902B000A3822D /* Release */,
			);
			defaultConfigurationIsVisible = 0;
			defaultConfigurationName = Release;
		};
		EB4E8D27250902B000A3822D /* Build configuration list for PBXNativeTarget "Late5" */ = {
			isa = XCConfigurationList;
			buildConfigurations = (
				EB4E8D28250902B000A3822D /* Debug */,
				EB4E8D29250902B000A3822D /* Release */,
			);
			defaultConfigurationIsVisible = 0;
			defaultConfigurationName = Release;
		};
/* End XCConfigurationList section */
	};
	rootObject = EB4E8D0E250902B000A3822D /* Project object */;
}
